
Microsoft Visual Studio Solution File, Format Version 12.00
# Visual Studio Version 18
VisualStudioVersion = 18.4.11612.150
MinimumVisualStudioVersion = 10.0.40219.1
Project("{2150E333-8FDC-42A3-9474-1A3956D46DE8}") = "Solution Items", "Solution Items", "{868BBB91-B53B-41BA-B576-D6911EF187FD}"
	ProjectSection(SolutionItems) = preProject
		OpenGLTemplate\include\common.cpp = OpenGLTemplate\include\common.cpp
	EndProjectSection
EndProject
Project("{8BC9CEB8-8B4A-11D0-8D11-00A0C91BC942}") = "BB-CWZ079-SZG1", "BB-CWZ079-SZG1\BB-CWZ079-SZG1.vcxproj", "{917856CE-44FC-48E4-B02D-7FAE777F6286}"
EndProject
Project("{8BC9CEB8-8B4A-11D0-8D11-00A0C91BC942}") = "BB-CWZ079-SZG2", "BB-CWZ079-SZG2\BB-CWZ079-SZG2.vcxproj", "{30977333-7948-40AE-9694-41B2EC5EE292}"
EndProject
Global
	GlobalSection(SolutionConfigurationPlatforms) = preSolution
		Debug|x64 = Debug|x64
		Debug|x86 = Debug|x86
		Release|x64 = Release|x64
		Release|x86 = Release|x86
	EndGlobalSection
	GlobalSection(ProjectConfigurationPlatforms) = postSolution
		{917856CE-44FC-48E4-B02D-7FAE777F6286}.Debug|x64.ActiveCfg = Debug|x64
		{917856CE-44FC-48E4-B02D-7FAE777F6286}.Debug|x64.Build.0 = Debug|x64
		{917856CE-44FC-48E4-B02D-7FAE777F6286}.Debug|x86.ActiveCfg = Debug|Win32
		{917856CE-44FC-48E4-B02D-7FAE777F6286}.Debug|x86.Build.0 = Debug|Win32
		{917856CE-44FC-48E4-B02D-7FAE777F6286}.Release|x64.ActiveCfg = Release|x64
		{917856CE-44FC-48E4-B02D-7FAE777F6286}.Release|x64.Build.0 = Release|x64
		{917856CE-44FC-48E4-B02D-7FAE777F6286}.Release|x86.ActiveCfg = Release|Win32
		{917856CE-44FC-48E4-B02D-7FAE777F6286}.Release|x86.Build.0 = Release|Win32
		{30977333-7948-40AE-9694-41B2EC5EE292}.Debug|x64.ActiveCfg = Debug|x64
		{30977333-7948-40AE-9694-41B2EC5EE292}.Debug|x64.Build.0 = Debug|x64
		{30977333-7948-40AE-9694-41B2EC5EE292}.Debug|x86.ActiveCfg = Debug|Win32
		{30977333-7948-40AE-9694-41B2EC5EE292}.Debug|x86.Build.0 = Debug|Win32
		{30977333-7948-40AE-9694-41B2EC5EE292}.Release|x64.ActiveCfg = Release|x64
		{30977333-7948-40AE-9694-41B2EC5EE292}.Release|x64.Build.0 = Release|x64
		{30977333-7948-40AE-9694-41B2EC5EE292}.Release|x86.ActiveCfg = Release|Win32
		{30977333-7948-40AE-9694-41B2EC5EE292}.Release|x86.Build.0 = Release|Win32
	EndGlobalSection
	GlobalSection(SolutionProperties) = preSolution
		HideSolutionNode = FALSE
	EndGlobalSection
	GlobalSection(ExtensibilityGlobals) = postSolution
		SolutionGuid = {589ADAE0-2C1F-4EDB-A048-5F5A94FFE5A5}
	EndGlobalSection
EndGlobal
